
Microsoft Visual Studio Solution File, Format Version 12.00
# Visual Studio Version 16
VisualStudioVersion = 16.0.29123.88
MinimumVisualStudioVersion = 10.0.40219.1
Project("{F184B08F-C81C-45F6-A57F-5ABD9991F28F}") = "死亡之ping", "死亡之ping\死亡之ping.vbproj", "{4ED1116A-7C05-4094-9367-865728F695A2}"
EndProject
Global
	GlobalSection(SolutionConfigurationPlatforms) = preSolution
		Debug|Any CPU = Debug|Any CPU
		Release|Any CPU = Release|Any CPU
	EndGlobalSection
	GlobalSection(ProjectConfigurationPlatforms) = postSolution
		{4ED1116A-7C05-4094-9367-865728F695A2}.Debug|Any CPU.ActiveCfg = Debug|Any CPU
		{4ED1116A-7C05-4094-9367-865728F695A2}.Debug|Any CPU.Build.0 = Debug|Any CPU
		{4ED1116A-7C05-4094-9367-865728F695A2}.Release|Any CPU.ActiveCfg = Release|Any CPU
		{4ED1116A-7C05-4094-9367-865728F695A2}.Release|Any CPU.Build.0 = Release|Any CPU
	EndGlobalSection
	GlobalSection(SolutionProperties) = preSolution
		HideSolutionNode = FALSE
	EndGlobalSection
	GlobalSection(ExtensibilityGlobals) = postSolution
		SolutionGuid = {D52096F4-43DF-4F55-9469-EBF120D2C7C5}
	EndGlobalSection
EndGlobal
